# THIS IS AN AUTOGENERATED FILE. DO NOT EDIT THIS FILE DIRECTLY.
# yarn lockfile v1


"@algolia/abtesting@1.15.1":
  version "1.15.1"
  resolved "https://registry.yarnpkg.com/@algolia/abtesting/-/abtesting-1.15.1.tgz#000779ccddf52415f440ca0557c205d7b09c86a2"
  integrity sha512-2yuIC48rUuHGhU1U5qJ9kJHaxYpJ0jpDHJVI5ekOxSMYXlH4+HP+pA31G820lsAznfmu2nzDV7n5RO44zIY1zw==
  dependencies:
    "@algolia/client-common" "5.49.1"
    "@algolia/requester-browser-xhr" "5.49.1"
    "@algolia/requester-fetch" "5.49.1"
    "@algolia/requester-node-http" "5.49.1"

"@algolia/autocomplete-core@1.17.9":
  version "1.17.9"
  resolved "https://registry.yarnpkg.com/@algolia/autocomplete-core/-/autocomplete-core-1.17.9.tgz#83374c47dc72482aa45d6b953e89377047f0dcdc"
  integrity sha512-O7BxrpLDPJWWHv/DLA9DRFWs+iY1uOJZkqUwjS5HSZAGcl0hIVCQ97LTLewiZmZ402JYUrun+8NqFP+hCknlbQ==
  dependencies:
    "@algolia/autocomplete-plugin-algolia-insights" "1.17.9"
    "@algolia/autocomplete-shared" "1.17.9"

"@algolia/autocomplete-plugin-algolia-insights@1.17.9":
  version "1.17.9"
  resolved "https://registry.yarnpkg.com/@algolia/autocomplete-plugin-algolia-insights/-/autocomplete-plugin-algolia-insights-1.17.9.tgz#74c86024d09d09e8bfa3dd90b844b77d9f9947b6"
  integrity sha512-u1fEHkCbWF92DBeB/KHeMacsjsoI0wFhjZtlCq2ddZbAehshbZST6Hs0Avkc0s+4UyBGbMDnSuXHLuvRWK5iDQ==
  dependencies:
    "@algolia/autocomplete-shared" "1.17.9"

"@algolia/autocomplete-preset-algolia@1.17.9":
  version "1.17.9"
  resolved "https://registry.yarnpkg.com/@algolia/autocomplete-preset-algolia/-/autocomplete-preset-algolia-1.17.9.tgz#911f3250544eb8ea4096fcfb268f156b085321b5"
  integrity sha512-Na1OuceSJeg8j7ZWn5ssMu/Ax3amtOwk76u4h5J4eK2Nx2KB5qt0Z4cOapCsxot9VcEN11ADV5aUSlQF4RhGjQ==
  dependencies:
    "@algolia/autocomplete-shared" "1.17.9"

"@algolia/autocomplete-shared@1.17.9":
  version "1.17.9"
  resolved "https://registry.yarnpkg.com/@algolia/autocomplete-shared/-/autocomplete-shared-1.17.9.tgz#5f38868f7cb1d54b014b17a10fc4f7e79d427fa8"
  integrity sha512-iDf05JDQ7I0b7JEA/9IektxN/80a2MZ1ToohfmNS3rfeuQnIKI3IJlIafD0xu4StbtQTghx9T3Maa97ytkXenQ==

"@algolia/client-abtesting@5.49.1":
  version "5.49.1"
  resolved "https://registry.yarnpkg.com/@algolia/client-abtesting/-/client-abtesting-5.49.1.tgz#cf2b122bcd1100e2fb01dbacf528106451c59dcf"
  integrity sha512-h6M7HzPin+45/l09q0r2dYmocSSt2MMGOOk5c4O5K/bBBlEwf1BKfN6z+iX4b8WXcQQhf7rgQwC52kBZJt/ZZw==
  dependencies:
    "@algolia/client-common" "5.49.1"
    "@algolia/requester-browser-xhr" "5.49.1"
    "@algolia/requester-fetch" "5.49.1"
    "@algolia/requester-node-http" "5.49.1"

"@algolia/client-analytics@5.49.1":
  version "5.49.1"
  resolved "https://registry.yarnpkg.com/@algolia/client-analytics/-/client-analytics-5.49.1.tgz#c6d07115fdc7044fa16d4c24613bde833ceb3efc"
  integrity sha512-048T9/Z8OeLmTk8h76QUqaNFp7Rq2VgS2Zm6Y2tNMYGQ1uNuzePY/udB5l5krlXll7ZGflyCjFvRiOtlPZpE9g==
  dependencies:
    "@algolia/client-common" "5.49.1"
    "@algolia/requester-browser-xhr" "5.49.1"
    "@algolia/requester-fetch" "5.49.1"
    "@algolia/requester-node-http" "5.49.1"

"@algolia/client-common@5.49.1":
  version "5.49.1"
  resolved "https://registry.yarnpkg.com/@algolia/client-common/-/client-common-5.49.1.tgz#2b52313a9027bba5c57abd76d652fd4b16f56a32"
  integrity sha512-vp5/a9ikqvf3mn9QvHN8PRekn8hW34aV9eX+O0J5mKPZXeA6Pd5OQEh2ZWf7gJY6yyfTlLp5LMFzQUAU+Fpqpg==

"@algolia/client-insights@5.49.1":
  version "5.49.1"
  resolved "https://registry.yarnpkg.com/@algolia/client-insights/-/client-insights-5.49.1.tgz#866f6fbb3902f43df2ad395ba35e650048874d91"
  integrity sha512-B6N7PgkvYrul3bntTz/l6uXnhQ2bvP+M7NqTcayh681tSqPaA5cJCUBp/vrP7vpPRpej4Eeyx2qz5p0tE/2N2g==
  dependencies:
    "@algolia/client-common" "5.49.1"
    "@algolia/requester-browser-xhr" "5.49.1"
    "@algolia/requester-fetch" "5.49.1"
    "@algolia/requester-node-http" "5.49.1"

"@algolia/client-personalization@5.49.1":
  version "5.49.1"
  resolved "https://registry.yarnpkg.com/@algolia/client-personalization/-/client-personalization-5.49.1.tgz#c14ad919b3880d140c9dc681b47c34075abe1106"
  integrity sha512-v+4DN+lkYfBd01Hbnb9ZrCHe7l+mvihyx218INRX/kaCXROIWUDIT1cs3urQxfE7kXBFnLsqYeOflQALv/gA5w==
  dependencies:
    "@algolia/client-common" "5.49.1"
    "@algolia/requester-browser-xhr" "5.49.1"
    "@algolia/requester-fetch" "5.49.1"
    "@algolia/requester-node-http" "5.49.1"

"@algolia/client-query-suggestions@5.49.1":
  version "5.49.1"
  resolved "https://registry.yarnpkg.com/@algolia/client-query-suggestions/-/client-query-suggestions-5.49.1.tgz#30bf4010402f43c84a4c1e72a6a32a53b32d1db1"
  integrity sha512-Un11cab6ZCv0W+Jiak8UktGIqoa4+gSNgEZNfG8m8eTsXGqwIEr370H3Rqwj87zeNSlFpH2BslMXJ/cLNS1qtg==
  dependencies:
    "@algolia/client-common" "5.49.1"
    "@algolia/requester-browser-xhr" "5.49.1"
    "@algolia/requester-fetch" "5.49.1"
    "@algolia/requester-node-http" "5.49.1"

"@algolia/client-search@5.49.1":
  version "5.49.1"
  resolved "https://registry.yarnpkg.com/@algolia/client-search/-/client-search-5.49.1.tgz#c16518fb5003b4a35b74bdee7a168d4d7a09877b"
  integrity sha512-Nt9hri7nbOo0RipAsGjIssHkpLMHHN/P7QqENywAq5TLsoYDzUyJGny8FEiD/9KJUxtGH8blGpMedilI6kK3rA==
  dependencies:
    "@algolia/client-common" "5.49.1"
    "@algolia/requester-browser-xhr" "5.49.1"
    "@algolia/requester-fetch" "5.49.1"
    "@algolia/requester-node-http" "5.49.1"

"@algolia/events@^4.0.1":
  version "4.0.1"
  resolved "https://registry.yarnpkg.com/@algolia/events/-/events-4.0.1.tgz#fd39e7477e7bc703d7f893b556f676c032af3950"
  integrity sha512-FQzvOCgoFXAbf5Y6mYozw2aj5KCJoA3m4heImceldzPSMbdyS4atVjJzXKMsfX3wnZTFYwkkt8/z8UesLHlSBQ==

"@algolia/ingestion@1.49.1":
  version "1.49.1"
  resolved "https://registry.yarnpkg.com/@algolia/ingestion/-/ingestion-1.49.1.tgz#80da19a3bec0f8b53910acd6e6a26d377c35a2bc"
  integrity sha512-b5hUXwDqje0Y4CpU6VL481DXgPgxpTD5sYMnfQTHKgUispGnaCLCm2/T9WbJo1YNUbX3iHtYDArp804eD6CmRQ==
  dependencies:
    "@algolia/client-common" "5.49.1"
    "@algolia/requester-browser-xhr" "5.49.1"
    "@algolia/requester-fetch" "5.49.1"
    "@algolia/requester-node-http" "5.49.1"

"@algolia/monitoring@1.49.1":
  version "1.49.1"
  resolved "https://registry.yarnpkg.com/@algolia/monitoring/-/monitoring-1.49.1.tgz#c4de7c5cc058d27ed051a32bed8844b471c2a4cb"
  integrity sha512-bvrXwZ0WsL3rN6Q4m4QqxsXFCo6WAew7sAdrpMQMK4Efn4/W920r9ptOuckejOSSvyLr9pAWgC5rsHhR2FYuYw==
  dependencies:
    "@algolia/client-common" "5.49.1"
    "@algolia/requester-browser-xhr" "5.49.1"
    "@algolia/requester-fetch" "5.49.1"
    "@algolia/requester-node-http" "5.49.1"

"@algolia/recommend@5.49.1":
  version "5.49.1"
  resolved "https://registry.yarnpkg.com/@algolia/recommend/-/recommend-5.49.1.tgz#5b79f6fb566b07f9cc48dc410bd34f7df080be99"
  integrity sha512-h2yz3AGeGkQwNgbLmoe3bxYs8fac4An1CprKTypYyTU/k3Q+9FbIvJ8aS1DoBKaTjSRZVoyQS7SZQio6GaHbZw==
  dependencies:
    "@algolia/client-common" "5.49.1"
    "@algolia/requester-browser-xhr" "5.49.1"
    "@algolia/requester-fetch" "5.49.1"
    "@algolia/requester-node-http" "5.49.1"

"@algolia/requester-browser-xhr@5.49.1":
  version "5.49.1"
  resolved "https://registry.yarnpkg.com/@algolia/requester-browser-xhr/-/requester-browser-xhr-5.49.1.tgz#0096c02e6d60fc79a71f80b51315e9a8fe7da5dc"
  integrity sha512-2UPyRuUR/qpqSqH8mxFV5uBZWEpxhGPHLlx9Xf6OVxr79XO2ctzZQAhsmTZ6X22x+N8MBWpB9UEky7YU2HGFgA==
  dependencies:
    "@algolia/client-common" "5.49.1"

"@algolia/requester-fetch@5.49.1":
  version "5.49.1"
  resolved "https://registry.yarnpkg.com/@algolia/requester-fetch/-/requester-fetch-5.49.1.tgz#bc41f0d03d0bc3c8decdc65ec08d29e992b16f1c"
  integrity sha512-N+xlE4lN+wpuT+4vhNEwPVlrfN+DWAZmSX9SYhbz986Oq8AMsqdntOqUyiOXVxYsQtfLwmiej24vbvJGYv1Qtw==
  dependencies:
    "@algolia/client-common" "5.49.1"

"@algolia/requester-node-http@5.49.1":
  version "5.49.1"
  resolved "https://registry.yarnpkg.com/@algolia/requester-node-http/-/requester-node-http-5.49.1.tgz#34846a9a2d7fee6667a4767588b8e77b2c6d9e12"
  integrity sha512-zA5bkUOB5PPtTr182DJmajCiizHp0rCJQ0Chf96zNFvkdESKYlDeYA3tQ7r2oyHbu/8DiohAQ5PZ85edctzbXA==
  dependencies:
    "@algolia/client-common" "5.49.1"

"@docsearch/css@3.9.0":
  version "3.9.0"
  resolved "https://registry.yarnpkg.com/@docsearch/css/-/css-3.9.0.tgz#3bc29c96bf024350d73b0cfb7c2a7b71bf251cd5"
  integrity sha512-cQbnVbq0rrBwNAKegIac/t6a8nWoUAn8frnkLFW6YARaRmAQr5/Eoe6Ln2fqkUCZ40KpdrKbpSAmgrkviOxuWA==

"@docsearch/react@^3":
  version "3.9.0"
  resolved "https://registry.yarnpkg.com/@docsearch/react/-/react-3.9.0.tgz#d0842b700c3ee26696786f3c8ae9f10c1a3f0db3"
  integrity sha512-mb5FOZYZIkRQ6s/NWnM98k879vu5pscWqTLubLFBO87igYYT4VzVazh4h5o/zCvTIZgEt3PvsCOMOswOUo9yHQ==
  dependencies:
    "@algolia/autocomplete-core" "1.17.9"
    "@algolia/autocomplete-preset-algolia" "1.17.9"
    "@docsearch/css" "3.9.0"
    algoliasearch "^5.14.2"

"@netfoundry/docusaurus-theme@0.7.4":
  version "0.7.4"
  resolved "https://registry.yarnpkg.com/@netfoundry/docusaurus-theme/-/docusaurus-theme-0.7.4.tgz#b43ff4b0dfd7814724ee3170e009728d77b26fbd"
  integrity sha512-LV5tbuJT/mYxuPlOtXP/HuJc/Ft90j4mH6mzcKBOvX/iWZy04N7zcU4EPHHn5BuqGpcGxauqO3bxvgoBjwB4hQ==
  dependencies:
    "@docsearch/react" "^3"
    algoliasearch "^5"
    clsx "^2.0.0"
    instantsearch.js "^4"
    react-device-detect "^2.2.3"
    react-github-btn "^1.4.0"
    react-instantsearch "^7"

"@swc/helpers@0.5.18":
  version "0.5.18"
  resolved "https://registry.yarnpkg.com/@swc/helpers/-/helpers-0.5.18.tgz#feeeabea0d10106ee25aaf900165df911ab6d3b1"
  integrity sha512-TXTnIcNJQEKwThMMqBXsZ4VGAza6bvN4pa41Rkqoio6QBKMvo+5lexeTMScGCIxtzgQJzElcvIltani+adC5PQ==
  dependencies:
    tslib "^2.8.0"

"@types/dom-speech-recognition@^0.0.1":
  version "0.0.1"
  resolved "https://registry.yarnpkg.com/@types/dom-speech-recognition/-/dom-speech-recognition-0.0.1.tgz#e326761a04b4a49c0eec2ac7948afc1c6aa12baa"
  integrity sha512-udCxb8DvjcDKfk1WTBzDsxFbLgYxmQGKrE/ricoMqHRNjSlSUCcamVTA5lIQqzY10mY5qCY0QDwBfFEwhfoDPw==

"@types/google.maps@^3.55.12":
  version "3.58.1"
  resolved "https://registry.yarnpkg.com/@types/google.maps/-/google.maps-3.58.1.tgz#71ce3dec44de1452f56641d2c87c7dd8ea964b4d"
  integrity sha512-X9QTSvGJ0nCfMzYOnaVs/k6/4L+7F5uCS+4iUmkLEls6J9S/Phv+m/i3mDeyc49ZBgwab3EFO1HEoBY7k98EGQ==

"@types/hogan.js@^3.0.0":
  version "3.0.5"
  resolved "https://registry.yarnpkg.com/@types/hogan.js/-/hogan.js-3.0.5.tgz#09f5b916ad88e1975b093ab7a25a37ffc0418be5"
  integrity sha512-/uRaY3HGPWyLqOyhgvW9Aa43BNnLZrNeQxl2p8wqId4UHMfPKolSB+U7BlZyO1ng7MkLnyEAItsBzCG0SDhqrA==

"@types/qs@^6.5.3":
  version "6.15.0"
  resolved "https://registry.yarnpkg.com/@types/qs/-/qs-6.15.0.tgz#963ab61779843fe910639a50661b48f162bc7f79"
  integrity sha512-JawvT8iBVWpzTrz3EGw9BTQFg3BQNmwERdKE22vlTxawwtbyUSlMppvZYKLZzB5zgACXdXxbD3m1bXaMqP/9ow==

abbrev@1:
  version "1.1.1"
  resolved "https://registry.yarnpkg.com/abbrev/-/abbrev-1.1.1.tgz#f8f2c887ad10bf67f634f005b6987fed3179aac8"
  integrity sha512-nne9/IiQ/hzIhY6pdDnbBtz7DjPTKrY00P/zvPSm5pOFkl6xuGrGnXn/VtTNNfNtAfZ9/1RtehkszU9qcTii0Q==

algoliasearch-helper@3.28.0:
  version "3.28.0"
  resolved "https://registry.yarnpkg.com/algoliasearch-helper/-/algoliasearch-helper-3.28.0.tgz#37193c329b5743937d2466e9c8800623a409002b"
  integrity sha512-GBN0xsxGggaCPElZq24QzMdfphrjIiV2xA+hRXE4/UMpN3nsF2WrM8q+x80OGvGpJWtB7F+4Hq5eSfWwuejXrg==
  dependencies:
    "@algolia/events" "^4.0.1"

algoliasearch@^5, algoliasearch@^5.14.2:
  version "5.49.1"
  resolved "https://registry.yarnpkg.com/algoliasearch/-/algoliasearch-5.49.1.tgz#03587d63c325f51aa2df660cc2600416b892b921"
  integrity sha512-X3Pp2aRQhg4xUC6PQtkubn5NpRKuUPQ9FPDQlx36SmpFwwH2N0/tw4c+NXV3nw3PsgeUs+BuWGP0gjz3TvENLQ==
  dependencies:
    "@algolia/abtesting" "1.15.1"
    "@algolia/client-abtesting" "5.49.1"
    "@algolia/client-analytics" "5.49.1"
    "@algolia/client-common" "5.49.1"
    "@algolia/client-insights" "5.49.1"
    "@algolia/client-personalization" "5.49.1"
    "@algolia/client-query-suggestions" "5.49.1"
    "@algolia/client-search" "5.49.1"
    "@algolia/ingestion" "1.49.1"
    "@algolia/monitoring" "1.49.1"
    "@algolia/recommend" "5.49.1"
    "@algolia/requester-browser-xhr" "5.49.1"
    "@algolia/requester-fetch" "5.49.1"
    "@algolia/requester-node-http" "5.49.1"

call-bind-apply-helpers@^1.0.1, call-bind-apply-helpers@^1.0.2:
  version "1.0.2"
  resolved "https://registry.yarnpkg.com/call-bind-apply-helpers/-/call-bind-apply-helpers-1.0.2.tgz#4b5428c222be985d79c3d82657479dbe0b59b2d6"
  integrity sha512-Sp1ablJ0ivDkSzjcaJdxEunN5/XvksFJ2sMBFfq6x0ryhQV/2b/KwFe21cMpmHtPOSij8K99/wSfoEuTObmuMQ==
  dependencies:
    es-errors "^1.3.0"
    function-bind "^1.1.2"

call-bound@^1.0.2:
  version "1.0.4"
  resolved "https://registry.yarnpkg.com/call-bound/-/call-bound-1.0.4.tgz#238de935d2a2a692928c538c7ccfa91067fd062a"
  integrity sha512-+ys997U96po4Kx/ABpBCqhA9EuxJaQWDQg7295H4hBphv3IZg0boBKuwYpt4YXp6MZ5AmZQnU/tyMTlRpaSejg==
  dependencies:
    call-bind-apply-helpers "^1.0.2"
    get-intrinsic "^1.3.0"

clsx@^2.0.0:
  version "2.1.1"
  resolved "https://registry.yarnpkg.com/clsx/-/clsx-2.1.1.tgz#eed397c9fd8bd882bfb18deab7102049a2f32999"
  integrity sha512-eYm0QWBtUrBWZWG0d386OGAw16Z995PiOVo2B7bjWSbHedGl5e0ZWaq65kOGgUSNesEIDkB9ISbTg/JK9dhCZA==

dunder-proto@^1.0.1:
  version "1.0.1"
  resolved "https://registry.yarnpkg.com/dunder-proto/-/dunder-proto-1.0.1.tgz#d7ae667e1dc83482f8b70fd0f6eefc50da30f58a"
  integrity sha512-KIN/nDJBQRcXw0MLVhZE9iQHmG68qAVIBg9CqmUYjmQIhgij9U5MFvrqkUL5FbtyyzZuOeOt0zdeRe4UY7ct+A==
  dependencies:
    call-bind-apply-helpers "^1.0.1"
    es-errors "^1.3.0"
    gopd "^1.2.0"

es-define-property@^1.0.1:
  version "1.0.1"
  resolved "https://registry.yarnpkg.com/es-define-property/-/es-define-property-1.0.1.tgz#983eb2f9a6724e9303f61addf011c72e09e0b0fa"
  integrity sha512-e3nRfgfUZ4rNGL232gUgX06QNyyez04KdjFrF+LTRoOXmrOgFKDg4BCdsjW8EnT69eqdYGmRpJwiPVYNrCaW3g==

es-errors@^1.3.0:
  version "1.3.0"
  resolved "https://registry.yarnpkg.com/es-errors/-/es-errors-1.3.0.tgz#05f75a25dab98e4fb1dcd5e1472c0546d5057c8f"
  integrity sha512-Zf5H2Kxt2xjTvbJvP2ZWLEICxA6j+hAmMzIlypy4xcBg1vKVnx89Wy0GbS+kf5cwCVFFzdCFh2XSCFNULS6csw==

es-object-atoms@^1.0.0, es-object-atoms@^1.1.1:
  version "1.1.1"
  resolved "https://registry.yarnpkg.com/es-object-atoms/-/es-object-atoms-1.1.1.tgz#1c4f2c4837327597ce69d2ca190a7fdd172338c1"
  integrity sha512-FGgH2h8zKNim9ljj7dankFPcICIK9Cp5bm+c2gQSYePhpaG5+esrLODihIorn+Pe6FGJzWhXQotPv73jTaldXA==
  dependencies:
    es-errors "^1.3.0"

function-bind@^1.1.2:
  version "1.1.2"
  resolved "https://registry.yarnpkg.com/function-bind/-/function-bind-1.1.2.tgz#2c02d864d97f3ea6c8830c464cbd11ab6eab7a1c"
  integrity sha512-7XHNxH7qX9xG5mIwxkhumTox/MIRNcOgDrxWsMt2pAr23WHp6MrRlN7FBSFpCpr+oVO0F744iUgR82nJMfG2SA==

get-intrinsic@^1.2.5, get-intrinsic@^1.3.0:
  version "1.3.0"
  resolved "https://registry.yarnpkg.com/get-intrinsic/-/get-intrinsic-1.3.0.tgz#743f0e3b6964a93a5491ed1bffaae054d7f98d01"
  integrity sha512-9fSjSaos/fRIVIp+xSJlE6lfwhES7LNtKaCBIamHsjr2na1BiABJPo0mOjjz8GJDURarmCPGqaiVg5mfjb98CQ==
  dependencies:
    call-bind-apply-helpers "^1.0.2"
    es-define-property "^1.0.1"
    es-errors "^1.3.0"
    es-object-atoms "^1.1.1"
    function-bind "^1.1.2"
    get-proto "^1.0.1"
    gopd "^1.2.0"
    has-symbols "^1.1.0"
    hasown "^2.0.2"
    math-intrinsics "^1.1.0"

get-proto@^1.0.1:
  version "1.0.1"
  resolved "https://registry.yarnpkg.com/get-proto/-/get-proto-1.0.1.tgz#150b3f2743869ef3e851ec0c49d15b1d14d00ee1"
  integrity sha512-sTSfBjoXBp89JvIKIefqw7U2CCebsc74kiY6awiGogKtoSGbgjYE/G/+l9sF3MWFPNc9IcoOC4ODfKHfxFmp0g==
  dependencies:
    dunder-proto "^1.0.1"
    es-object-atoms "^1.0.0"

github-buttons@^2.22.0:
  version "2.31.1"
  resolved "https://registry.yarnpkg.com/github-buttons/-/github-buttons-2.31.1.tgz#de7793a143270167d99f6557de3950bdaf0c8760"
  integrity sha512-6u2BjRA997wg5CkcnEpFiqoa6hbwO3JXSrEebPZKXGdwTGgHkp233fnxMW90w7bcJCMWVQOKj3EjUNqxYiixPw==

gopd@^1.2.0:
  version "1.2.0"
  resolved "https://registry.yarnpkg.com/gopd/-/gopd-1.2.0.tgz#89f56b8217bdbc8802bd299df6d7f1081d7e51a1"
  integrity sha512-ZUKRh6/kUFoAiTAtTYPZJ3hw9wNxx+BIBOijnlG9PnrJsCcSjs1wyyD6vJpaYtgnzDrKYRSqf3OO6Rfa93xsRg==

has-symbols@^1.1.0:
  version "1.1.0"
  resolved "https://registry.yarnpkg.com/has-symbols/-/has-symbols-1.1.0.tgz#fc9c6a783a084951d0b971fe1018de813707a338"
  integrity sha512-1cDNdwJ2Jaohmb3sg4OmKaMBwuC48sYni5HUw2DvsC8LjGTLK9h+eb1X6RyuOHe4hT0ULCW68iomhjUoKUqlPQ==

hasown@^2.0.2:
  version "2.0.2"
  resolved "https://registry.yarnpkg.com/hasown/-/hasown-2.0.2.tgz#003eaf91be7adc372e84ec59dc37252cedb80003"
  integrity sha512-0hJU9SCPvmMzIBdZFqNPXWa6dqh7WdH0cII9y+CyS8rG3nL48Bclra9HmKhVVUHyPWNH5Y7xDwAB7bfgSjkUMQ==
  dependencies:
    function-bind "^1.1.2"

hogan.js@^3.0.2:
  version "3.0.2"
  resolved "https://registry.yarnpkg.com/hogan.js/-/hogan.js-3.0.2.tgz#4cd9e1abd4294146e7679e41d7898732b02c7bfd"
  integrity sha512-RqGs4wavGYJWE07t35JQccByczmNUXQT0E12ZYV1VKYu5UiAU9lsos/yBAcf840+zrUQQxgVduCR5/B8nNtibg==
  dependencies:
    mkdirp "0.3.0"
    nopt "1.0.10"

htm@^3.0.0:
  version "3.1.1"
  resolved "https://registry.yarnpkg.com/htm/-/htm-3.1.1.tgz#49266582be0dc66ed2235d5ea892307cc0c24b78"
  integrity sha512-983Vyg8NwUE7JkZ6NmOqpCZ+sh1bKv2iYTlUkzlWmA5JD2acKoxd4KVxbMmxX/85mtfdnDmTFoNKcg5DGAvxNQ==

instantsearch-ui-components@0.20.0:
  version "0.20.0"
  resolved "https://registry.yarnpkg.com/instantsearch-ui-components/-/instantsearch-ui-components-0.20.0.tgz#8e684d5281c38194d0468f780d50e56f3efb60e0"
  integrity sha512-wZ+GT8lb10m3r6+9TEVLDQeB1YNRgXFSFSsfhzh4jUFMVDiovY+NE+cj7oNFk7GzFWvxQvXd7aPjTLDD7RkhnA==
  dependencies:
    "@swc/helpers" "0.5.18"
    markdown-to-jsx "^7.7.15"
    zod "^3.25.76 || ^4"
    zod-to-json-schema "3.24.6"

instantsearch.js@4.90.0, instantsearch.js@^4:
  version "4.90.0"
  resolved "https://registry.yarnpkg.com/instantsearch.js/-/instantsearch.js-4.90.0.tgz#00cdc38845fd030f437175a09e364730f7e4b964"
  integrity sha512-HfMMvQCsmrLikx93skFNXsoX+zkPEqzszYuFbh1nKMI7qy18QfL+yG7BKX/mt7HPC/SbP+k4vZQzXgIT2+SXPw==
  dependencies:
    "@algolia/events" "^4.0.1"
    "@swc/helpers" "0.5.18"
    "@types/dom-speech-recognition" "^0.0.1"
    "@types/google.maps" "^3.55.12"
    "@types/hogan.js" "^3.0.0"
    "@types/qs" "^6.5.3"
    algoliasearch-helper "3.28.0"
    hogan.js "^3.0.2"
    htm "^3.0.0"
    instantsearch-ui-components "0.20.0"
    preact "^10.10.0"
    qs "^6.5.1"
    react ">= 0.14.0"
    search-insights "^2.17.2"
    zod "^3.25.76 || ^4"
    zod-to-json-schema "3.24.6"

markdown-to-jsx@^7.7.15:
  version "7.7.17"
  resolved "https://registry.yarnpkg.com/markdown-to-jsx/-/markdown-to-jsx-7.7.17.tgz#6e997d6aa4dbe2e69c423c65745541846777483c"
  integrity sha512-7mG/1feQ0TX5I7YyMZVDgCC/y2I3CiEhIRQIhyov9nGBP5eoVrOXXHuL5ZP8GRfxVZKRiXWJgwXkb9It+nQZfQ==

math-intrinsics@^1.1.0:
  version "1.1.0"
  resolved "https://registry.yarnpkg.com/math-intrinsics/-/math-intrinsics-1.1.0.tgz#a0dd74be81e2aa5c2f27e65ce283605ee4e2b7f9"
  integrity sha512-/IXtbwEk5HTPyEwyKX6hGkYXxM9nbj64B+ilVJnC/R6B0pH5G4V3b0pVbL7DBj4tkhBAppbQUlf6F6Xl9LHu1g==

mkdirp@0.3.0:
  version "0.3.0"
  resolved "https://registry.yarnpkg.com/mkdirp/-/mkdirp-0.3.0.tgz#1bbf5ab1ba827af23575143490426455f481fe1e"
  integrity sha512-OHsdUcVAQ6pOtg5JYWpCBo9W/GySVuwvP9hueRMW7UqshC0tbfzLv8wjySTPm3tfUZ/21CE9E1pJagOA91Pxew==

nopt@1.0.10:
  version "1.0.10"
  resolved "https://registry.yarnpkg.com/nopt/-/nopt-1.0.10.tgz#6ddd21bd2a31417b92727dd585f8a6f37608ebee"
  integrity sha512-NWmpvLSqUrgrAC9HCuxEvb+PSloHpqVu+FqcO4eeF2h5qYRhA7ev6KvelyQAKtegUbC6RypJnlEOhd8vloNKYg==
  dependencies:
    abbrev "1"

object-inspect@^1.13.3:
  version "1.13.4"
  resolved "https://registry.yarnpkg.com/object-inspect/-/object-inspect-1.13.4.tgz#8375265e21bc20d0fa582c22e1b13485d6e00213"
  integrity sha512-W67iLl4J2EXEGTbfeHCffrjDfitvLANg0UlX3wFUUSTx92KXRFegMHUVgSqE+wvhAbi4WqjGg9czysTV2Epbew==

preact@^10.10.0:
  version "10.28.4"
  resolved "https://registry.yarnpkg.com/preact/-/preact-10.28.4.tgz#8ffab01c5c0590535bdaecdd548801f44c6e483a"
  integrity sha512-uKFfOHWuSNpRFVTnljsCluEFq57OKT+0QdOiQo8XWnQ/pSvg7OpX5eNOejELXJMWy+BwM2nobz0FkvzmnpCNsQ==

qs@^6.5.1:
  version "6.15.0"
  resolved "https://registry.yarnpkg.com/qs/-/qs-6.15.0.tgz#db8fd5d1b1d2d6b5b33adaf87429805f1909e7b3"
  integrity sha512-mAZTtNCeetKMH+pSjrb76NAM8V9a05I9aBZOHztWy/UqcJdQYNsf59vrRKWnojAT9Y+GbIvoTBC++CPHqpDBhQ==
  dependencies:
    side-channel "^1.1.0"

react-device-detect@^2.2.3:
  version "2.2.3"
  resolved "https://registry.yarnpkg.com/react-device-detect/-/react-device-detect-2.2.3.tgz#97a7ae767cdd004e7c3578260f48cf70c036e7ca"
  integrity sha512-buYY3qrCnQVlIFHrC5UcUoAj7iANs/+srdkwsnNjI7anr3Tt7UY6MqNxtMLlr0tMBied0O49UZVK8XKs3ZIiPw==
  dependencies:
    ua-parser-js "^1.0.33"

react-github-btn@^1.4.0:
  version "1.4.0"
  resolved "https://registry.yarnpkg.com/react-github-btn/-/react-github-btn-1.4.0.tgz#92654107e92658e60dd977c7a92b212f806da78d"
  integrity sha512-lV4FYClAfjWnBfv0iNlJUGhamDgIq6TayD0kPZED6VzHWdpcHmPfsYOZ/CFwLfPv4Zp+F4m8QKTj0oy2HjiGXg==
  dependencies:
    github-buttons "^2.22.0"

react-instantsearch-core@7.26.1:
  version "7.26.1"
  resolved "https://registry.yarnpkg.com/react-instantsearch-core/-/react-instantsearch-core-7.26.1.tgz#fc5b32f473d0bcd733f860be8649aaa8bd279ecf"
  integrity sha512-1QVwH/Hva42V0R3g8G4zh7MzcUe3N80ihJcBmbMzWxGDy1jVT1xGJHvORTIRu4dGYN/DOG457y6q/VFa2PYFiQ==
  dependencies:
    "@swc/helpers" "0.5.18"
    algoliasearch-helper "3.28.0"
    instantsearch.js "4.90.0"
    use-sync-external-store "^1.0.0"
    zod "^3.25.76 || ^4"
    zod-to-json-schema "3.24.6"

react-instantsearch@^7:
  version "7.26.1"
  resolved "https://registry.yarnpkg.com/react-instantsearch/-/react-instantsearch-7.26.1.tgz#5008063d77949a320ff0035781484c5abf4717a7"
  integrity sha512-jhwh6XHsTIX6sVkaLX/cy1CKGYzB+pE1wDnIH8/6CZVP65vtWfb5Tc30axoh6jQ0fqN66qF9270eZpp9sRQpsA==
  dependencies:
    "@swc/helpers" "0.5.18"
    instantsearch-ui-components "0.20.0"
    instantsearch.js "4.90.0"
    react-instantsearch-core "7.26.1"

"react@>= 0.14.0":
  version "19.2.4"
  resolved "https://registry.yarnpkg.com/react/-/react-19.2.4.tgz#438e57baa19b77cb23aab516cf635cd0579ee09a"
  integrity sha512-9nfp2hYpCwOjAN+8TZFGhtWEwgvWHXqESH8qT89AT/lWklpLON22Lc8pEtnpsZz7VmawabSU0gCjnj8aC0euHQ==

search-insights@^2.17.2:
  version "2.17.3"
  resolved "https://registry.yarnpkg.com/search-insights/-/search-insights-2.17.3.tgz#8faea5d20507bf348caba0724e5386862847b661"
  integrity sha512-RQPdCYTa8A68uM2jwxoY842xDhvx3E5LFL1LxvxCNMev4o5mLuokczhzjAgGwUZBAmOKZknArSxLKmXtIi2AxQ==

side-channel-list@^1.0.0:
  version "1.0.0"
  resolved "https://registry.yarnpkg.com/side-channel-list/-/side-channel-list-1.0.0.tgz#10cb5984263115d3b7a0e336591e290a830af8ad"
  integrity sha512-FCLHtRD/gnpCiCHEiJLOwdmFP+wzCmDEkc9y7NsYxeF4u7Btsn1ZuwgwJGxImImHicJArLP4R0yX4c2KCrMrTA==
  dependencies:
    es-errors "^1.3.0"
    object-inspect "^1.13.3"

side-channel-map@^1.0.1:
  version "1.0.1"
  resolved "https://registry.yarnpkg.com/side-channel-map/-/side-channel-map-1.0.1.tgz#d6bb6b37902c6fef5174e5f533fab4c732a26f42"
  integrity sha512-VCjCNfgMsby3tTdo02nbjtM/ewra6jPHmpThenkTYh8pG9ucZ/1P8So4u4FGBek/BjpOVsDCMoLA/iuBKIFXRA==
  dependencies:
    call-bound "^1.0.2"
    es-errors "^1.3.0"
    get-intrinsic "^1.2.5"
    object-inspect "^1.13.3"

side-channel-weakmap@^1.0.2:
  version "1.0.2"
  resolved "https://registry.yarnpkg.com/side-channel-weakmap/-/side-channel-weakmap-1.0.2.tgz#11dda19d5368e40ce9ec2bdc1fb0ecbc0790ecea"
  integrity sha512-WPS/HvHQTYnHisLo9McqBHOJk2FkHO/tlpvldyrnem4aeQp4hai3gythswg6p01oSoTl58rcpiFAjF2br2Ak2A==
  dependencies:
    call-bound "^1.0.2"
    es-errors "^1.3.0"
    get-intrinsic "^1.2.5"
    object-inspect "^1.13.3"
    side-channel-map "^1.0.1"

side-channel@^1.1.0:
  version "1.1.0"
  resolved "https://registry.yarnpkg.com/side-channel/-/side-channel-1.1.0.tgz#c3fcff9c4da932784873335ec9765fa94ff66bc9"
  integrity sha512-ZX99e6tRweoUXqR+VBrslhda51Nh5MTQwou5tnUDgbtyM0dBgmhEDtWGP/xbKn6hqfPRHujUNwz5fy/wbbhnpw==
  dependencies:
    es-errors "^1.3.0"
    object-inspect "^1.13.3"
    side-channel-list "^1.0.0"
    side-channel-map "^1.0.1"
    side-channel-weakmap "^1.0.2"

tslib@^2.8.0:
  version "2.8.1"
  resolved "https://registry.yarnpkg.com/tslib/-/tslib-2.8.1.tgz#612efe4ed235d567e8aba5f2a5fab70280ade83f"
  integrity sha512-oJFu94HQb+KVduSUQL7wnpmqnfmLsOA/nAh6b6EH0wCEoK0/mPeXU6c3wKDV83MkOuHPRHtSXKKU99IBazS/2w==

ua-parser-js@^1.0.33:
  version "1.0.41"
  resolved "https://registry.yarnpkg.com/ua-parser-js/-/ua-parser-js-1.0.41.tgz#bd04dc9ec830fcf9e4fad35cf22dcedd2e3b4e9c"
  integrity sha512-LbBDqdIC5s8iROCUjMbW1f5dJQTEFB1+KO9ogbvlb3nm9n4YHa5p4KTvFPWvh2Hs8gZMBuiB1/8+pdfe/tDPug==

use-sync-external-store@^1.0.0:
  version "1.6.0"
  resolved "https://registry.yarnpkg.com/use-sync-external-store/-/use-sync-external-store-1.6.0.tgz#b174bfa65cb2b526732d9f2ac0a408027876f32d"
  integrity sha512-Pp6GSwGP/NrPIrxVFAIkOQeyw8lFenOHijQWkUTrDvrF4ALqylP2C/KCkeS9dpUM3KvYRQhna5vt7IL95+ZQ9w==

zod-to-json-schema@3.24.6:
  version "3.24.6"
  resolved "https://registry.yarnpkg.com/zod-to-json-schema/-/zod-to-json-schema-3.24.6.tgz#5920f020c4d2647edfbb954fa036082b92c9e12d"
  integrity sha512-h/z3PKvcTcTetyjl1fkj79MHNEjm+HpD6NXheWjzOekY7kV+lwDYnHw+ivHkijnCSMz1yJaWBD9vu/Fcmk+vEg==

"zod@^3.25.76 || ^4":
  version "4.3.6"
  resolved "https://registry.yarnpkg.com/zod/-/zod-4.3.6.tgz#89c56e0aa7d2b05107d894412227087885ab112a"
  integrity sha512-rftlrkhHZOcjDwkGlnUtZZkvaPHCsDATp4pGpuOOMDaTdDDXF91wuVDJoWoPsKX/3YPQ5fHuF3STjcYyKr+Qhg==
